// !$*UTF8*$!
{
 archiveVersion = 1;
 classes = {
 };
 objectVersion = 56;
 objects = {

/* Begin PBXBuildFile section */
		A10000000000000000000001 /* VolumeBoost500App.swift in Sources */ = {isa = PBXBuildFile; fileRef = B10000000000000000000001 /* VolumeBoost500App.swift */; };
		A10000000000000000000002 /* ContentView.swift in Sources */ = {isa = PBXBuildFile; fileRef = B10000000000000000000002 /* ContentView.swift */; };
		A10000000000000000000003 /* AudioBoost.js in Resources */ = {isa = PBXBuildFile; fileRef = B10000000000000000000003 /* AudioBoost.js */; };
/* End PBXBuildFile section */

/* Begin PBXFileReference section */
		B10000000000000000000001 /* VolumeBoost500App.swift */ = {isa = PBXFileReference; lastKnownFileType = sourcecode.swift; path = VolumeBoost500App.swift; sourceTree = "<group>"; };
		B10000000000000000000002 /* ContentView.swift */ = {isa = PBXFileReference; lastKnownFileType = sourcecode.swift; path = ContentView.swift; sourceTree = "<group>"; };
		B10000000000000000000003 /* AudioBoost.js */ = {isa = PBXFileReference; lastKnownFileType = sourcecode.javascript; path = AudioBoost.js; sourceTree = "<group>"; };
		B10000000000000000000004 /* Info.plist */ = {isa = PBXFileReference; lastKnownFileType = text.plist.xml; path = Info.plist; sourceTree = "<group>"; };
		B10000000000000000000005 /* VolumeBoost500.app */ = {isa = PBXFileReference; explicitFileType = wrapper.application; includeInIndex = 0; path = VolumeBoost500.app; sourceTree = BUILT_PRODUCTS_DIR; };
/* End PBXFileReference section */

/* Begin PBXFrameworksBuildPhase section */
		C10000000000000000000001 /* Frameworks */ = {isa = PBXFrameworksBuildPhase; buildActionMask = 2147483647; files = (); runOnlyForDeploymentPostprocessing = 0; };
/* End PBXFrameworksBuildPhase section */

/* Begin PBXGroup section */
		D10000000000000000000001 = {isa = PBXGroup; children = (D10000000000000000000002,D10000000000000000000003,D10000000000000000000000004); sourceTree = "<group>"; };
		D10000000000000000000002 /* VolumeBoost500 */ = {isa = PBXGroup; children = (B10000000000000000000001,B10000000000000000000002,B10000000000000000000003,B10000000000000000000004); path = VolumeBoost500; sourceTree = "<group>"; };
		D10000000000000000000003 /* Products */ = {isa = PBXGroup; children = (B10000000000000000000000005); name = Products; sourceTree = "<group>"; };
		D10000000000000000000004 /* Empty */ = {isa = PBXGroup; children = (); name = "Supporting Files"; sourceTree = "<group>"; };
/* End PBXGroup section */

/* Begin PBXNativeTarget section */
		E10000000000000000000001 /* VolumeBoost500 */ = {isa = PBXNativeTarget; buildConfigurationList = F10000000000000000000002; buildPhases = (C10000000000000000000002,C10000000000000000000001,C10000000000000000000003); buildRules = (); dependencies = (); name = VolumeBoost500; productName = VolumeBoost500; productReference = B10000000000000000000005; productType = "com.apple.product-type.application"; };
/* End PBXNativeTarget section */

/* Begin PBXProject section */
		F20000000000000000000001 /* Project object */ = {isa = PBXProject; attributes = { LastUpgradeCheck = 1600; TargetAttributes = { E10000000000000000000001 = { CreatedOnToolsVersion = 16.0; }; }; }; buildConfigurationList = F10000000000000000000001; compatibilityVersion = "Xcode 14.0"; developmentRegion = en; hasScannedForEncodings = 0; knownRegions = (en,Base); mainGroup = D10000000000000000000001; productRefGroup = D10000000000000000000003; projectDirPath = ""; projectRoot = ""; targets = (E10000000000000000000001); };
/* End PBXProject section */

/* Begin PBXResourcesBuildPhase section */
		C10000000000000000000003 /* Resources */ = {isa = PBXResourcesBuildPhase; buildActionMask = 2147483647; files = (A10000000000000000000003); runOnlyForDeploymentPostprocessing = 0; };
/* End PBXResourcesBuildPhase section */

/* Begin PBXSourcesBuildPhase section */
		C10000000000000000000002 /* Sources */ = {isa = PBXSourcesBuildPhase; buildActionMask = 2147483647; files = (A10000000000000000000001,A10000000000000000000002); runOnlyForDeploymentPostprocessing = 0; };
/* End PBXSourcesBuildPhase section */

/* Begin XCBuildConfiguration section */
		F10000000000000000000003 = {isa = XCBuildConfiguration; buildSettings = { PRODUCT_NAME = VolumeBoost500; PRODUCT_BUNDLE_IDENTIFIER = com.volumeboost500.newapp; INFOPLIST_FILE = VolumeBoost500/Info.plist; IPHONEOS_DEPLOYMENT_TARGET = 16.0; SWIFT_VERSION = 5.0; TARGETED_DEVICE_FAMILY = "1,2"; SDKROOT = iphoneos; CODE_SIGNING_ALLOWED = NO; CODE_SIGNING_REQUIRED = NO; GENERATE_INFOPLIST_FILE = NO; }; name = Debug; };
		F10000000000000000000004 = {isa = XCBuildConfiguration; buildSettings = { PRODUCT_NAME = VolumeBoost500; PRODUCT_BUNDLE_IDENTIFIER = com.volumeboost500.newapp; INFOPLIST_FILE = VolumeBoost500/Info.plist; IPHONEOS_DEPLOYMENT_TARGET = 16.0; SWIFT_VERSION = 5.0; TARGETED_DEVICE_FAMILY = "1"; SDKROOT = iphoneos; CODE_SIGNING_ALLOWED = NO; CODE_SIGNING_REQUIRED = NO; GENERATE_INFOPLIST_FILE = NO; }; name = Release; };
		F10000000000000000000001 = {isa = XCConfigurationList; buildConfigurations = (F10000000000000000000003,F10000000000000000000004); defaultConfigurationIsVisible = 0; defaultConfigurationName = Release; };
		F10000000000000000000002 = {isa = XCConfigurationList; buildConfigurations = (F10000000000000000000003,F10000000000000000000004); defaultConfigurationIsVisible = 0; defaultConfigurationName = Release; };
/* End XCBuildConfiguration section */
	};
	rootObject = F20000000000000000000001;
}
